
Microsoft Visual Studio Solution File, Format Version 12.00
# Visual Studio Version 17
VisualStudioVersion = 17.6.33815.320
MinimumVisualStudioVersion = 10.0.40219.1
Project("{00D1A9C2-B5F0-4AF3-8072-F6C62B433612}") = "Btm.Sql", "BTM.Sql\Btm.Sql.sqlproj", "{D6CB299C-A576-4FA1-AE7B-3297C333B04F}"
EndProject
Project("{9A19103F-16F7-4668-BE54-9A1E7A4F7556}") = "Btm.Api.Library", "BTM.Library.Api\Btm.Api.Library.csproj", "{F2E6825F-1A74-4F95-A235-F055FCC4AC05}"
EndProject
Project("{9A19103F-16F7-4668-BE54-9A1E7A4F7556}") = "Btm.Web.Ng", "Btm.Web.Ng\Btm.Web.Ng.csproj", "{B042DDBD-0A30-4168-983E-B2AE4F5F3946}"
EndProject
Project("{9A19103F-16F7-4668-BE54-9A1E7A4F7556}") = "Btm.Api.Web", "Btm.Api.Web\Btm.Api.Web.csproj", "{FC15B18E-F239-4695-923B-27FC72CB0E5E}"
EndProject
Project("{9A19103F-16F7-4668-BE54-9A1E7A4F7556}") = "Btm.Api.Data", "Btm.Api.Data\Btm.Api.Data.csproj", "{397EC0A4-835B-4697-9776-4171A3561A2D}"
EndProject
Project("{FAE04EC0-301F-11D3-BF4B-00C04F79EFBC}") = "NetworkConnectivityChecker", "NetworkConnectivityChecker\NetworkConnectivityChecker.csproj", "{DB0528AE-C42F-4CAF-8139-C4A231F9A949}"
EndProject
Global
	GlobalSection(SolutionConfigurationPlatforms) = preSolution
		Debug|Any CPU = Debug|Any CPU
		Release|Any CPU = Release|Any CPU
	EndGlobalSection
	GlobalSection(ProjectConfigurationPlatforms) = postSolution
		{D6CB299C-A576-4FA1-AE7B-3297C333B04F}.Debug|Any CPU.ActiveCfg = Debug|Any CPU
		{D6CB299C-A576-4FA1-AE7B-3297C333B04F}.Debug|Any CPU.Build.0 = Debug|Any CPU
		{D6CB299C-A576-4FA1-AE7B-3297C333B04F}.Debug|Any CPU.Deploy.0 = Debug|Any CPU
		{D6CB299C-A576-4FA1-AE7B-3297C333B04F}.Release|Any CPU.ActiveCfg = Release|Any CPU
		{D6CB299C-A576-4FA1-AE7B-3297C333B04F}.Release|Any CPU.Build.0 = Release|Any CPU
		{D6CB299C-A576-4FA1-AE7B-3297C333B04F}.Release|Any CPU.Deploy.0 = Release|Any CPU
		{F2E6825F-1A74-4F95-A235-F055FCC4AC05}.Debug|Any CPU.ActiveCfg = Debug|Any CPU
		{F2E6825F-1A74-4F95-A235-F055FCC4AC05}.Debug|Any CPU.Build.0 = Debug|Any CPU
		{F2E6825F-1A74-4F95-A235-F055FCC4AC05}.Release|Any CPU.ActiveCfg = Release|Any CPU
		{F2E6825F-1A74-4F95-A235-F055FCC4AC05}.Release|Any CPU.Build.0 = Release|Any CPU
		{B042DDBD-0A30-4168-983E-B2AE4F5F3946}.Debug|Any CPU.ActiveCfg = Debug|Any CPU
		{B042DDBD-0A30-4168-983E-B2AE4F5F3946}.Debug|Any CPU.Build.0 = Debug|Any CPU
		{B042DDBD-0A30-4168-983E-B2AE4F5F3946}.Release|Any CPU.ActiveCfg = Release|Any CPU
		{B042DDBD-0A30-4168-983E-B2AE4F5F3946}.Release|Any CPU.Build.0 = Release|Any CPU
		{FC15B18E-F239-4695-923B-27FC72CB0E5E}.Debug|Any CPU.ActiveCfg = Debug|Any CPU
		{FC15B18E-F239-4695-923B-27FC72CB0E5E}.Debug|Any CPU.Build.0 = Debug|Any CPU
		{FC15B18E-F239-4695-923B-27FC72CB0E5E}.Release|Any CPU.ActiveCfg = Release|Any CPU
		{FC15B18E-F239-4695-923B-27FC72CB0E5E}.Release|Any CPU.Build.0 = Release|Any CPU
		{397EC0A4-835B-4697-9776-4171A3561A2D}.Debug|Any CPU.ActiveCfg = Debug|Any CPU
		{397EC0A4-835B-4697-9776-4171A3561A2D}.Debug|Any CPU.Build.0 = Debug|Any CPU
		{397EC0A4-835B-4697-9776-4171A3561A2D}.Release|Any CPU.ActiveCfg = Release|Any CPU
		{397EC0A4-835B-4697-9776-4171A3561A2D}.Release|Any CPU.Build.0 = Release|Any CPU
		{DB0528AE-C42F-4CAF-8139-C4A231F9A949}.Debug|Any CPU.ActiveCfg = Debug|Any CPU
		{DB0528AE-C42F-4CAF-8139-C4A231F9A949}.Debug|Any CPU.Build.0 = Debug|Any CPU
		{DB0528AE-C42F-4CAF-8139-C4A231F9A949}.Release|Any CPU.ActiveCfg = Release|Any CPU
		{DB0528AE-C42F-4CAF-8139-C4A231F9A949}.Release|Any CPU.Build.0 = Release|Any CPU
	EndGlobalSection
	GlobalSection(SolutionProperties) = preSolution
		HideSolutionNode = FALSE
	EndGlobalSection
	GlobalSection(ExtensibilityGlobals) = postSolution
		SolutionGuid = {AAFAB701-C3B1-4F5E-9A3B-525537961F7F}
	EndGlobalSection
EndGlobal
